
Microsoft Visual Studio Solution File, Format Version 12.00
# Visual Studio Version 16
VisualStudioVersion = 16.0.31729.503
MinimumVisualStudioVersion = 10.0.40219.1
Project("{FAE04EC0-301F-11D3-BF4B-00C04F79EFBC}") = "Z071", "Z07Wf\Z071.csproj", "{45882EFA-18DE-4099-B52A-9095922579C4}"
EndProject
Project("{FAE04EC0-301F-11D3-BF4B-00C04F79EFBC}") = "Z072", "Z072\Z072.csproj", "{C12DED3F-5031-4734-9963-53A598F91E95}"
EndProject
Global
	GlobalSection(SolutionConfigurationPlatforms) = preSolution
		Debug|Any CPU = Debug|Any CPU
		Release|Any CPU = Release|Any CPU
	EndGlobalSection
	GlobalSection(ProjectConfigurationPlatforms) = postSolution
		{45882EFA-18DE-4099-B52A-9095922579C4}.Debug|Any CPU.ActiveCfg = Debug|Any CPU
		{45882EFA-18DE-4099-B52A-9095922579C4}.Debug|Any CPU.Build.0 = Debug|Any CPU
		{45882EFA-18DE-4099-B52A-9095922579C4}.Release|Any CPU.ActiveCfg = Release|Any CPU
		{45882EFA-18DE-4099-B52A-9095922579C4}.Release|Any CPU.Build.0 = Release|Any CPU
		{C12DED3F-5031-4734-9963-53A598F91E95}.Debug|Any CPU.ActiveCfg = Debug|Any CPU
		{C12DED3F-5031-4734-9963-53A598F91E95}.Debug|Any CPU.Build.0 = Debug|Any CPU
		{C12DED3F-5031-4734-9963-53A598F91E95}.Release|Any CPU.ActiveCfg = Release|Any CPU
		{C12DED3F-5031-4734-9963-53A598F91E95}.Release|Any CPU.Build.0 = Release|Any CPU
	EndGlobalSection
	GlobalSection(SolutionProperties) = preSolution
		HideSolutionNode = FALSE
	EndGlobalSection
	GlobalSection(ExtensibilityGlobals) = postSolution
		SolutionGuid = {8520AC1F-9728-4CEB-A9AD-763971303DDB}
	EndGlobalSection
EndGlobal
